
Microsoft Visual Studio Solution File, Format Version 12.00
# Visual Studio Version 17
VisualStudioVersion = 17.7.34221.43
MinimumVisualStudioVersion = 10.0.40219.1
Project("{9A19103F-16F7-4668-BE54-9A1E7A4F7556}") = "Helpplaner.Service.Core", "Helpplaner.Service.Core\Helpplaner.Service.Core.csproj", "{88438C25-6E0E-4822-9504-C9B2C171CEA6}"
EndProject
Project("{9A19103F-16F7-4668-BE54-9A1E7A4F7556}") = "Helpplaner.Service.UI", "Helpplaner.Service.UI\Helpplaner.Service.UI.csproj", "{1757F2CB-CF79-44BC-8D05-067E243D3C69}"
EndProject
Project("{9A19103F-16F7-4668-BE54-9A1E7A4F7556}") = "Helpplaner.Service.Shared", "Helpplaner.Service.Shared\Helpplaner.Service.Shared.csproj", "{F6459D5F-938A-48A5-A174-A15564ACABC7}"
EndProject
Project("{FAE04EC0-301F-11D3-BF4B-00C04F79EFBC}") = "Helpplaner.Service.SqlHandling", "Helpplaner.Service.SqlHandling\Helpplaner.Service.SqlHandling.csproj", "{3281C1BE-B972-4E97-856A-1F45AA673AAE}"
EndProject
Project("{FAE04EC0-301F-11D3-BF4B-00C04F79EFBC}") = "Helpplaner.Service.Objects", "Helpplaner.Service.Objects\Helpplaner.Service.Objects.csproj", "{1A714196-5791-421A-A41E-4EF8E38938F0}"
EndProject
Global
	GlobalSection(SolutionConfigurationPlatforms) = preSolution
		Debug|Any CPU = Debug|Any CPU
		Release|Any CPU = Release|Any CPU
	EndGlobalSection
	GlobalSection(ProjectConfigurationPlatforms) = postSolution
		{88438C25-6E0E-4822-9504-C9B2C171CEA6}.Debug|Any CPU.ActiveCfg = Debug|Any CPU
		{88438C25-6E0E-4822-9504-C9B2C171CEA6}.Debug|Any CPU.Build.0 = Debug|Any CPU
		{88438C25-6E0E-4822-9504-C9B2C171CEA6}.Release|Any CPU.ActiveCfg = Release|Any CPU
		{88438C25-6E0E-4822-9504-C9B2C171CEA6}.Release|Any CPU.Build.0 = Release|Any CPU
		{1757F2CB-CF79-44BC-8D05-067E243D3C69}.Debug|Any CPU.ActiveCfg = Debug|Any CPU
		{1757F2CB-CF79-44BC-8D05-067E243D3C69}.Debug|Any CPU.Build.0 = Debug|Any CPU
		{1757F2CB-CF79-44BC-8D05-067E243D3C69}.Release|Any CPU.ActiveCfg = Release|Any CPU
		{1757F2CB-CF79-44BC-8D05-067E243D3C69}.Release|Any CPU.Build.0 = Release|Any CPU
		{F6459D5F-938A-48A5-A174-A15564ACABC7}.Debug|Any CPU.ActiveCfg = Debug|Any CPU
		{F6459D5F-938A-48A5-A174-A15564ACABC7}.Debug|Any CPU.Build.0 = Debug|Any CPU
		{F6459D5F-938A-48A5-A174-A15564ACABC7}.Release|Any CPU.ActiveCfg = Release|Any CPU
		{F6459D5F-938A-48A5-A174-A15564ACABC7}.Release|Any CPU.Build.0 = Release|Any CPU
		{3281C1BE-B972-4E97-856A-1F45AA673AAE}.Debug|Any CPU.ActiveCfg = Debug|Any CPU
		{3281C1BE-B972-4E97-856A-1F45AA673AAE}.Debug|Any CPU.Build.0 = Debug|Any CPU
		{3281C1BE-B972-4E97-856A-1F45AA673AAE}.Release|Any CPU.ActiveCfg = Release|Any CPU
		{3281C1BE-B972-4E97-856A-1F45AA673AAE}.Release|Any CPU.Build.0 = Release|Any CPU
		{1A714196-5791-421A-A41E-4EF8E38938F0}.Debug|Any CPU.ActiveCfg = Debug|Any CPU
		{1A714196-5791-421A-A41E-4EF8E38938F0}.Debug|Any CPU.Build.0 = Debug|Any CPU
		{1A714196-5791-421A-A41E-4EF8E38938F0}.Release|Any CPU.ActiveCfg = Release|Any CPU
		{1A714196-5791-421A-A41E-4EF8E38938F0}.Release|Any CPU.Build.0 = Release|Any CPU
	EndGlobalSection
	GlobalSection(SolutionProperties) = preSolution
		HideSolutionNode = FALSE
	EndGlobalSection
	GlobalSection(ExtensibilityGlobals) = postSolution
		SolutionGuid = {6241B6F1-87CF-4960-B857-568462EF3E18}
	EndGlobalSection
EndGlobal
